
Microsoft Visual Studio Solution File, Format Version 12.00
Project("{FAE04EC0-301F-11D3-BF4B-00C04F79EFBC}") = "TOGInfiniteArrows", "TOGInfiniteArrows\TOGInfiniteArrows.csproj", "{7C7BE138-6C7E-4A7D-877E-6A96618A0BDE}"
EndProject
Global
	GlobalSection(SolutionConfigurationPlatforms) = preSolution
		Debug|Any CPU = Debug|Any CPU
		Release|Any CPU = Release|Any CPU
	EndGlobalSection
	GlobalSection(ProjectConfigurationPlatforms) = postSolution
		{7C7BE138-6C7E-4A7D-877E-6A96618A0BDE}.Debug|Any CPU.ActiveCfg = Debug|Any CPU
		{7C7BE138-6C7E-4A7D-877E-6A96618A0BDE}.Debug|Any CPU.Build.0 = Debug|Any CPU
		{7C7BE138-6C7E-4A7D-877E-6A96618A0BDE}.Release|Any CPU.ActiveCfg = Release|Any CPU
		{7C7BE138-6C7E-4A7D-877E-6A96618A0BDE}.Release|Any CPU.Build.0 = Release|Any CPU
	EndGlobalSection
EndGlobal
